// !$*UTF8*$!
{
	archiveVersion = 1;
	classes = {
	};
	objectVersion = 50;
	objects = {

/* Begin PBXBuildFile section */
		872EA0CF22B11F9F0096EB51 /* AppDelegate.swift in Sources */ = {isa = PBXBuildFile; fileRef = 872EA0CE22B11F9F0096EB51 /* AppDelegate.swift */; };
		872EA0D122B11F9F0096EB51 /* MainViewController.swift in Sources */ = {isa = PBXBuildFile; fileRef = 872EA0D022B11F9F0096EB51 /* MainViewController.swift */; };
		872EA0D622B11FA10096EB51 /* Assets.xcassets in Resources */ = {isa = PBXBuildFile; fileRef = 872EA0D522B11FA10096EB51 /* Assets.xcassets */; };
		872EA0D922B11FA10096EB51 /* LaunchScreen.storyboard in Resources */ = {isa = PBXBuildFile; fileRef = 872EA0D722B11FA10096EB51 /* LaunchScreen.storyboard */; };
		872EA0E322B122A20096EB51 /* CustomViewCell.swift in Sources */ = {isa = PBXBuildFile; fileRef = 872EA0E222B122A20096EB51 /* CustomViewCell.swift */; };
		872EA0E722B13AF80096EB51 /* DetailViewController.swift in Sources */ = {isa = PBXBuildFile; fileRef = 872EA0E622B13AF80096EB51 /* DetailViewController.swift */; };
		87EB9EE622B6157300B49F36 /* WeatherService.swift in Sources */ = {isa = PBXBuildFile; fileRef = 87EB9EE522B6157300B49F36 /* WeatherService.swift */; };
		87EB9EE822B6559700B49F36 /* UserDataService.swift in Sources */ = {isa = PBXBuildFile; fileRef = 87EB9EE722B6559700B49F36 /* UserDataService.swift */; };
		CF203EFC0A2A37B6B04D2311 /* libPods-WeatherApp.a in Frameworks */ = {isa = PBXBuildFile; fileRef = F0EF11ED86CC82F2CD00994E /* libPods-WeatherApp.a */; };
/* End PBXBuildFile section */

/* Begin PBXFileReference section */
		421CE6FE61B51DB796B592F9 /* Pods-WeatherApp.debug.xcconfig */ = {isa = PBXFileReference; includeInIndex = 1; lastKnownFileType = text.xcconfig; name = "Pods-WeatherApp.debug.xcconfig"; path = "Pods/Target Support Files/Pods-WeatherApp/Pods-WeatherApp.debug.xcconfig"; sourceTree = "<group>"; };
		872EA0CB22B11F9F0096EB51 /* WeatherApp.app */ = {isa = PBXFileReference; explicitFileType = wrapper.application; includeInIndex = 0; path = WeatherApp.app; sourceTree = BUILT_PRODUCTS_DIR; };
		872EA0CE22B11F9F0096EB51 /* AppDelegate.swift */ = {isa = PBXFileReference; lastKnownFileType = sourcecode.swift; path = AppDelegate.swift; sourceTree = "<group>"; };
		872EA0D022B11F9F0096EB51 /* MainViewController.swift */ = {isa = PBXFileReference; lastKnownFileType = sourcecode.swift; path = MainViewController.swift; sourceTree = "<group>"; };
		872EA0D522B11FA10096EB51 /* Assets.xcassets */ = {isa = PBXFileReference; lastKnownFileType = folder.assetcatalog; path = Assets.xcassets; sourceTree = "<group>"; };
		872EA0D822B11FA10096EB51 /* Base */ = {isa = PBXFileReference; lastKnownFileType = file.storyboard; name = Base; path = Base.lproj/LaunchScreen.storyboard; sourceTree = "<group>"; };
		872EA0DA22B11FA10096EB51 /* Info.plist */ = {isa = PBXFileReference; lastKnownFileType = text.plist.xml; path = Info.plist; sourceTree = "<group>"; };
		872EA0E222B122A20096EB51 /* CustomViewCell.swift */ = {isa = PBXFileReference; lastKnownFileType = sourcecode.swift; path = CustomViewCell.swift; sourceTree = "<group>"; };
		872EA0E622B13AF80096EB51 /* DetailViewController.swift */ = {isa = PBXFileReference; lastKnownFileType = sourcecode.swift; path = DetailViewController.swift; sourceTree = "<group>"; };
		87EB9EE522B6157300B49F36 /* WeatherService.swift */ = {isa = PBXFileReference; lastKnownFileType = sourcecode.swift; path = WeatherService.swift; sourceTree = "<group>"; };
		87EB9EE722B6559700B49F36 /* UserDataService.swift */ = {isa = PBXFileReference; lastKnownFileType = sourcecode.swift; path = UserDataService.swift; sourceTree = "<group>"; };
		C9D667F862EDC23A5C3438DC /* Pods-WeatherApp.release.xcconfig */ = {isa = PBXFileReference; includeInIndex = 1; lastKnownFileType = text.xcconfig; name = "Pods-WeatherApp.release.xcconfig"; path = "Pods/Target Support Files/Pods-WeatherApp/Pods-WeatherApp.release.xcconfig"; sourceTree = "<group>"; };
		F0EF11ED86CC82F2CD00994E /* libPods-WeatherApp.a */ = {isa = PBXFileReference; explicitFileType = archive.ar; includeInIndex = 0; path = "libPods-WeatherApp.a"; sourceTree = BUILT_PRODUCTS_DIR; };
/* End PBXFileReference section */

/* Begin PBXFrameworksBuildPhase section */
		872EA0C822B11F9F0096EB51 /* Frameworks */ = {
			isa = PBXFrameworksBuildPhase;
			buildActionMask = 2147483647;
			files = (
				CF203EFC0A2A37B6B04D2311 /* libPods-WeatherApp.a in Frameworks */,
			);
			runOnlyForDeploymentPostprocessing = 0;
		};
/* End PBXFrameworksBuildPhase section */

/* Begin PBXGroup section */
		46B3D0D9BA411EFF41749036 /* Pods */ = {
			isa = PBXGroup;
			children = (
				421CE6FE61B51DB796B592F9 /* Pods-WeatherApp.debug.xcconfig */,
				C9D667F862EDC23A5C3438DC /* Pods-WeatherApp.release.xcconfig */,
			);
			name = Pods;
			sourceTree = "<group>";
		};
		75779CE60C214CBC24F9129C /* Frameworks */ = {
			isa = PBXGroup;
			children = (
				F0EF11ED86CC82F2CD00994E /* libPods-WeatherApp.a */,
			);
			name = Frameworks;
			sourceTree = "<group>";
		};
		872EA0C222B11F9F0096EB51 = {
			isa = PBXGroup;
			children = (
				872EA0CD22B11F9F0096EB51 /* WeatherApp */,
				872EA0CC22B11F9F0096EB51 /* Products */,
				46B3D0D9BA411EFF41749036 /* Pods */,
				75779CE60C214CBC24F9129C /* Frameworks */,
			);
			sourceTree = "<group>";
		};
		872EA0CC22B11F9F0096EB51 /* Products */ = {
			isa = PBXGroup;
			children = (
				872EA0CB22B11F9F0096EB51 /* WeatherApp.app */,
			);
			name = Products;
			sourceTree = "<group>";
		};
		872EA0CD22B11F9F0096EB51 /* WeatherApp */ = {
			isa = PBXGroup;
			children = (
				87EB9EE422B6155800B49F36 /* Network */,
				872EA0E022B120C60096EB51 /* Controllers */,
				872EA0E122B120D70096EB51 /* Support Files */,
				872EA0DA22B11FA10096EB51 /* Info.plist */,
			);
			path = WeatherApp;
			sourceTree = "<group>";
		};
		872EA0E022B120C60096EB51 /* Controllers */ = {
			isa = PBXGroup;
			children = (
				872EA0D022B11F9F0096EB51 /* MainViewController.swift */,
				872EA0E222B122A20096EB51 /* CustomViewCell.swift */,
				872EA0E622B13AF80096EB51 /* DetailViewController.swift */,
			);
			path = Controllers;
			sourceTree = "<group>";
		};
		872EA0E122B120D70096EB51 /* Support Files */ = {
			isa = PBXGroup;
			children = (
				872EA0CE22B11F9F0096EB51 /* AppDelegate.swift */,
				872EA0D522B11FA10096EB51 /* Assets.xcassets */,
				872EA0D722B11FA10096EB51 /* LaunchScreen.storyboard */,
			);
			path = "Support Files";
			sourceTree = "<group>";
		};
		87EB9EE422B6155800B49F36 /* Network */ = {
			isa = PBXGroup;
			children = (
				87EB9EE522B6157300B49F36 /* WeatherService.swift */,
				87EB9EE722B6559700B49F36 /* UserDataService.swift */,
			);
			path = Network;
			sourceTree = "<group>";
		};
/* End PBXGroup section */

/* Begin PBXNativeTarget section */
		872EA0CA22B11F9F0096EB51 /* WeatherApp */ = {
			isa = PBXNativeTarget;
			buildConfigurationList = 872EA0DD22B11FA10096EB51 /* Build configuration list for PBXNativeTarget "WeatherApp" */;
			buildPhases = (
				DB4F31F1841708E5ADBDB20D /* [CP] Check Pods Manifest.lock */,
				872EA0C722B11F9F0096EB51 /* Sources */,
				872EA0C822B11F9F0096EB51 /* Frameworks */,
				872EA0C922B11F9F0096EB51 /* Resources */,
			);
			buildRules = (
			);
			dependencies = (
			);
			name = WeatherApp;
			productName = WeatherApp;
			productReference = 872EA0CB22B11F9F0096EB51 /* WeatherApp.app */;
			productType = "com.apple.product-type.application";
		};
/* End PBXNativeTarget section */

/* Begin PBXProject section */
		872EA0C322B11F9F0096EB51 /* Project object */ = {
			isa = PBXProject;
			attributes = {
				LastSwiftUpdateCheck = 1020;
				LastUpgradeCheck = 1020;
				ORGANIZATIONNAME = Grace;
				TargetAttributes = {
					872EA0CA22B11F9F0096EB51 = {
						CreatedOnToolsVersion = 10.2;
					};
				};
			};
			buildConfigurationList = 872EA0C622B11F9F0096EB51 /* Build configuration list for PBXProject "WeatherApp" */;
			compatibilityVersion = "Xcode 9.3";
			developmentRegion = en;
			hasScannedForEncodings = 0;
			knownRegions = (
				en,
				Base,
			);
			mainGroup = 872EA0C222B11F9F0096EB51;
			productRefGroup = 872EA0CC22B11F9F0096EB51 /* Products */;
			projectDirPath = "";
			projectRoot = "";
			targets = (
				872EA0CA22B11F9F0096EB51 /* WeatherApp */,
			);
		};
/* End PBXProject section */

/* Begin PBXResourcesBuildPhase section */
		872EA0C922B11F9F0096EB51 /* Resources */ = {
			isa = PBXResourcesBuildPhase;
			buildActionMask = 2147483647;
			files = (
				872EA0D922B11FA10096EB51 /* LaunchScreen.storyboard in Resources */,
				872EA0D622B11FA10096EB51 /* Assets.xcassets in Resources */,
			);
			runOnlyForDeploymentPostprocessing = 0;
		};
/* End PBXResourcesBuildPhase section */

/* Begin PBXShellScriptBuildPhase section */
		DB4F31F1841708E5ADBDB20D /* [CP] Check Pods Manifest.lock */ = {
			isa = PBXShellScriptBuildPhase;
			buildActionMask = 2147483647;
			files = (
			);
			inputPaths = (
				"${PODS_PODFILE_DIR_PATH}/Podfile.lock",
				"${PODS_ROOT}/Manifest.lock",
			);
			name = "[CP] Check Pods Manifest.lock";
			outputPaths = (
				"$(DERIVED_FILE_DIR)/Pods-WeatherApp-checkManifestLockResult.txt",
			);
			runOnlyForDeploymentPostprocessing = 0;
			shellPath = /bin/sh;
			shellScript = "diff \"${PODS_PODFILE_DIR_PATH}/Podfile.lock\" \"${PODS_ROOT}/Manifest.lock\" > /dev/null\nif [ $? != 0 ] ; then\n    # print error to STDERR\n    echo \"error: The sandbox is not in sync with the Podfile.lock. Run 'pod install' or update your CocoaPods installation.\" >&2\n    exit 1\nfi\n# This output is used by Xcode 'outputs' to avoid re-running this script phase.\necho \"SUCCESS\" > \"${SCRIPT_OUTPUT_FILE_0}\"\n";
			showEnvVarsInLog = 0;
		};
/* End PBXShellScriptBuildPhase section */

/* Begin PBXSourcesBuildPhase section */
		872EA0C722B11F9F0096EB51 /* Sources */ = {
			isa = PBXSourcesBuildPhase;
			buildActionMask = 2147483647;
			files = (
				87EB9EE822B6559700B49F36 /* UserDataService.swift in Sources */,
				87EB9EE622B6157300B49F36 /* WeatherService.swift in Sources */,
				872EA0D122B11F9F0096EB51 /* MainViewController.swift in Sources */,
				872EA0E322B122A20096EB51 /* CustomViewCell.swift in Sources */,
				872EA0CF22B11F9F0096EB51 /* AppDelegate.swift in Sources */,
				872EA0E722B13AF80096EB51 /* DetailViewController.swift in Sources */,
			);
			runOnlyForDeploymentPostprocessing = 0;
		};
/* End PBXSourcesBuildPhase section */

/* Begin PBXVariantGroup section */
		872EA0D722B11FA10096EB51 /* LaunchScreen.storyboard */ = {
			isa = PBXVariantGroup;
			children = (
				872EA0D822B11FA10096EB51 /* Base */,
			);
			name = LaunchScreen.storyboard;
			sourceTree = "<group>";
		};
/* End PBXVariantGroup section */

/* Begin XCBuildConfiguration section */
		872EA0DB22B11FA10096EB51 /* Debug */ = {
			isa = XCBuildConfiguration;
			buildSettings = {
				ALWAYS_SEARCH_USER_PATHS = NO;
				CLANG_ANALYZER_NONNULL = YES;
				CLANG_ANALYZER_NUMBER_OBJECT_CONVERSION = YES_AGGRESSIVE;
				CLANG_CXX_LANGUAGE_STANDARD = "gnu++14";
				CLANG_CXX_LIBRARY = "libc++";
				CLANG_ENABLE_MODULES = YES;
				CLANG_ENABLE_OBJC_ARC = YES;
				CLANG_ENABLE_OBJC_WEAK = YES;
				CLANG_WARN_BLOCK_CAPTURE_AUTORELEASING = YES;
				CLANG_WARN_BOOL_CONVERSION = YES;
				CLANG_WARN_COMMA = YES;
				CLANG_WARN_CONSTANT_CONVERSION = YES;
				CLANG_WARN_DEPRECATED_OBJC_IMPLEMENTATIONS = YES;
				CLANG_WARN_DIRECT_OBJC_ISA_USAGE = YES_ERROR;
				CLANG_WARN_DOCUMENTATION_COMMENTS = YES;
				CLANG_WARN_EMPTY_BODY = YES;
				CLANG_WARN_ENUM_CONVERSION = YES;
				CLANG_WARN_INFINITE_RECURSION = YES;
				CLANG_WARN_INT_CONVERSION = YES;
				CLANG_WARN_NON_LITERAL_NULL_CONVERSION = YES;
				CLANG_WARN_OBJC_IMPLICIT_RETAIN_SELF = YES;
				CLANG_WARN_OBJC_LITERAL_CONVERSION = YES;
				CLANG_WARN_OBJC_ROOT_CLASS = YES_ERROR;
				CLANG_WARN_RANGE_LOOP_ANALYSIS = YES;
				CLANG_WARN_STRICT_PROTOTYPES = YES;
				CLANG_WARN_SUSPICIOUS_MOVE = YES;
				CLANG_WARN_UNGUARDED_AVAILABILITY = YES_AGGRESSIVE;
				CLANG_WARN_UNREACHABLE_CODE = YES;
				CLANG_WARN__DUPLICATE_METHOD_MATCH = YES;
				CODE_SIGN_IDENTITY = "iPhone Developer";
				COPY_PHASE_STRIP = NO;
				DEBUG_INFORMATION_FORMAT = dwarf;
				ENABLE_STRICT_OBJC_MSGSEND = YES;
				ENABLE_TESTABILITY = YES;
				GCC_C_LANGUAGE_STANDARD = gnu11;
				GCC_DYNAMIC_NO_PIC = NO;
				GCC_NO_COMMON_BLOCKS = YES;
				GCC_OPTIMIZATION_LEVEL = 0;
				GCC_PREPROCESSOR_DEFINITIONS = (
					"DEBUG=1",
					"$(inherited)",
				);
				GCC_WARN_64_TO_32_BIT_CONVERSION = YES;
				GCC_WARN_ABOUT_RETURN_TYPE = YES_ERROR;
				GCC_WARN_UNDECLARED_SELECTOR = YES;
				GCC_WARN_UNINITIALIZED_AUTOS = YES_AGGRESSIVE;
				GCC_WARN_UNUSED_FUNCTION = YES;
				GCC_WARN_UNUSED_VARIABLE = YES;
				IPHONEOS_DEPLOYMENT_TARGET = 12.2;
				MTL_ENABLE_DEBUG_INFO = INCLUDE_SOURCE;
				MTL_FAST_MATH = YES;
				ONLY_ACTIVE_ARCH = YES;
				SDKROOT = iphoneos;
				SWIFT_ACTIVE_COMPILATION_CONDITIONS = DEBUG;
				SWIFT_OPTIMIZATION_LEVEL = "-Onone";
			};
			name = Debug;
		};
		872EA0DC22B11FA10096EB51 /* Release */ = {
			isa = XCBuildConfiguration;
			buildSettings = {
				ALWAYS_SEARCH_USER_PATHS = NO;
				CLANG_ANALYZER_NONNULL = YES;
				CLANG_ANALYZER_NUMBER_OBJECT_CONVERSION = YES_AGGRESSIVE;
				CLANG_CXX_LANGUAGE_STANDARD = "gnu++14";
				CLANG_CXX_LIBRARY = "libc++";
				CLANG_ENABLE_MODULES = YES;
				CLANG_ENABLE_OBJC_ARC = YES;
				CLANG_ENABLE_OBJC_WEAK = YES;
				CLANG_WARN_BLOCK_CAPTURE_AUTORELEASING = YES;
				CLANG_WARN_BOOL_CONVERSION = YES;
				CLANG_WARN_COMMA = YES;
				CLANG_WARN_CONSTANT_CONVERSION = YES;
				CLANG_WARN_DEPRECATED_OBJC_IMPLEMENTATIONS = YES;
				CLANG_WARN_DIRECT_OBJC_ISA_USAGE = YES_ERROR;
				CLANG_WARN_DOCUMENTATION_COMMENTS = YES;
				CLANG_WARN_EMPTY_BODY = YES;
				CLANG_WARN_ENUM_CONVERSION = YES;
				CLANG_WARN_INFINITE_RECURSION = YES;
				CLANG_WARN_INT_CONVERSION = YES;
				CLANG_WARN_NON_LITERAL_NULL_CONVERSION = YES;
				CLANG_WARN_OBJC_IMPLICIT_RETAIN_SELF = YES;
				CLANG_WARN_OBJC_LITERAL_CONVERSION = YES;
				CLANG_WARN_OBJC_ROOT_CLASS = YES_ERROR;
				CLANG_WARN_RANGE_LOOP_ANALYSIS = YES;
				CLANG_WARN_STRICT_PROTOTYPES = YES;
				CLANG_WARN_SUSPICIOUS_MOVE = YES;
				CLANG_WARN_UNGUARDED_AVAILABILITY = YES_AGGRESSIVE;
				CLANG_WARN_UNREACHABLE_CODE = YES;
				CLANG_WARN__DUPLICATE_METHOD_MATCH = YES;
				CODE_SIGN_IDENTITY = "iPhone Developer";
				COPY_PHASE_STRIP = NO;
				DEBUG_INFORMATION_FORMAT = "dwarf-with-dsym";
				ENABLE_NS_ASSERTIONS = NO;
				ENABLE_STRICT_OBJC_MSGSEND = YES;
				GCC_C_LANGUAGE_STANDARD = gnu11;
				GCC_NO_COMMON_BLOCKS = YES;
				GCC_WARN_64_TO_32_BIT_CONVERSION = YES;
				GCC_WARN_ABOUT_RETURN_TYPE = YES_ERROR;
				GCC_WARN_UNDECLARED_SELECTOR = YES;
				GCC_WARN_UNINITIALIZED_AUTOS = YES_AGGRESSIVE;
				GCC_WARN_UNUSED_FUNCTION = YES;
				GCC_WARN_UNUSED_VARIABLE = YES;
				IPHONEOS_DEPLOYMENT_TARGET = 12.2;
				MTL_ENABLE_DEBUG_INFO = NO;
				MTL_FAST_MATH = YES;
				SDKROOT = iphoneos;
				SWIFT_COMPILATION_MODE = wholemodule;
				SWIFT_OPTIMIZATION_LEVEL = "-O";
				VALIDATE_PRODUCT = YES;
			};
			name = Release;
		};
		872EA0DE22B11FA10096EB51 /* Debug */ = {
			isa = XCBuildConfiguration;
			baseConfigurationReference = 421CE6FE61B51DB796B592F9 /* Pods-WeatherApp.debug.xcconfig */;
			buildSettings = {
				ASSETCATALOG_COMPILER_APPICON_NAME = AppIcon;
				CODE_SIGN_STYLE = Automatic;
				INFOPLIST_FILE = WeatherApp/Info.plist;
				LD_RUNPATH_SEARCH_PATHS = (
					"$(inherited)",
					"@executable_path/Frameworks",
				);
				PRODUCT_BUNDLE_IDENTIFIER = com.njoroge.WeatherApp;
				PRODUCT_NAME = "$(TARGET_NAME)";
				SWIFT_VERSION = 5.0;
				TARGETED_DEVICE_FAMILY = "1,2";
			};
			name = Debug;
		};
		872EA0DF22B11FA10096EB51 /* Release */ = {
			isa = XCBuildConfiguration;
			baseConfigurationReference = C9D667F862EDC23A5C3438DC /* Pods-WeatherApp.release.xcconfig */;
			buildSettings = {
				ASSETCATALOG_COMPILER_APPICON_NAME = AppIcon;
				CODE_SIGN_STYLE = Automatic;
				INFOPLIST_FILE = WeatherApp/Info.plist;
				LD_RUNPATH_SEARCH_PATHS = (
					"$(inherited)",
					"@executable_path/Frameworks",
				);
				PRODUCT_BUNDLE_IDENTIFIER = com.njoroge.WeatherApp;
				PRODUCT_NAME = "$(TARGET_NAME)";
				SWIFT_VERSION = 5.0;
				TARGETED_DEVICE_FAMILY = "1,2";
			};
			name = Release;
		};
/* End XCBuildConfiguration section */

/* Begin XCConfigurationList section */
		872EA0C622B11F9F0096EB51 /* Build configuration list for PBXProject "WeatherApp" */ = {
			isa = XCConfigurationList;
			buildConfigurations = (
				872EA0DB22B11FA10096EB51 /* Debug */,
				872EA0DC22B11FA10096EB51 /* Release */,
			);
			defaultConfigurationIsVisible = 0;
			defaultConfigurationName = Release;
		};
		872EA0DD22B11FA10096EB51 /* Build configuration list for PBXNativeTarget "WeatherApp" */ = {
			isa = XCConfigurationList;
			buildConfigurations = (
				872EA0DE22B11FA10096EB51 /* Debug */,
				872EA0DF22B11FA10096EB51 /* Release */,
			);
			defaultConfigurationIsVisible = 0;
			defaultConfigurationName = Release;
		};
/* End XCConfigurationList section */
	};
	rootObject = 872EA0C322B11F9F0096EB51 /* Project object */;
}
